
Microsoft Visual Studio Solution File, Format Version 12.00
# Visual Studio Version 17
VisualStudioVersion = 17.14.36109.1 d17.14
MinimumVisualStudioVersion = 10.0.40219.1
Project("{FAE04EC0-301F-11D3-BF4B-00C04F79EFBC}") = "WinNotify", "WinNotify.csproj", "{CDD1A556-CB5A-D7F8-269B-86B660F5A534}"
EndProject
Global
	GlobalSection(SolutionConfigurationPlatforms) = preSolution
		Debug|x64 = Debug|x64
		Release|x64 = Release|x64
	EndGlobalSection
	GlobalSection(ProjectConfigurationPlatforms) = postSolution
		{CDD1A556-CB5A-D7F8-269B-86B660F5A534}.Debug|x64.ActiveCfg = Debug|x64
		{CDD1A556-CB5A-D7F8-269B-86B660F5A534}.Debug|x64.Build.0 = Debug|x64
		{CDD1A556-CB5A-D7F8-269B-86B660F5A534}.Release|x64.ActiveCfg = Release|x64
		{CDD1A556-CB5A-D7F8-269B-86B660F5A534}.Release|x64.Build.0 = Release|x64
	EndGlobalSection
	GlobalSection(SolutionProperties) = preSolution
		HideSolutionNode = FALSE
	EndGlobalSection
	GlobalSection(ExtensibilityGlobals) = postSolution
		SolutionGuid = {29908AAF-A73E-4723-9A6F-96518DADEA84}
	EndGlobalSection
EndGlobal
